
Microsoft Visual Studio Solution File, Format Version 12.00
# Visual Studio Version 16
VisualStudioVersion = 16.0.29728.190
MinimumVisualStudioVersion = 10.0.40219.1
Project("{FAE04EC0-301F-11D3-BF4B-00C04F79EFBC}") = "WindowsFormsApp1", "WindowsFormsApp1.csproj", "{F9C3B5B4-D481-4EFE-9CC4-9CCF294EB373}"
EndProject
Project("{FAE04EC0-301F-11D3-BF4B-00C04F79EFBC}") = "test", "..\test\test.csproj", "{8CFA678C-2AC0-4C45-A98E-88EAB7A83892}"
EndProject
Project("{FAE04EC0-301F-11D3-BF4B-00C04F79EFBC}") = "ttest", "..\ttest\ttest.csproj", "{B5787990-D608-47A3-A9D4-99199707DAED}"
EndProject
Project("{FAE04EC0-301F-11D3-BF4B-00C04F79EFBC}") = "WindowsFormsApp2", "..\WindowsFormsApp2\WindowsFormsApp2.csproj", "{90AAF47A-1307-40D8-98DD-27A1D3DD3272}"
EndProject
Global
	GlobalSection(SolutionConfigurationPlatforms) = preSolution
		Debug|Any CPU = Debug|Any CPU
		Release|Any CPU = Release|Any CPU
	EndGlobalSection
	GlobalSection(ProjectConfigurationPlatforms) = postSolution
		{F9C3B5B4-D481-4EFE-9CC4-9CCF294EB373}.Debug|Any CPU.ActiveCfg = Debug|Any CPU
		{F9C3B5B4-D481-4EFE-9CC4-9CCF294EB373}.Debug|Any CPU.Build.0 = Debug|Any CPU
		{F9C3B5B4-D481-4EFE-9CC4-9CCF294EB373}.Release|Any CPU.ActiveCfg = Release|Any CPU
		{F9C3B5B4-D481-4EFE-9CC4-9CCF294EB373}.Release|Any CPU.Build.0 = Release|Any CPU
		{8CFA678C-2AC0-4C45-A98E-88EAB7A83892}.Debug|Any CPU.ActiveCfg = Debug|Any CPU
		{8CFA678C-2AC0-4C45-A98E-88EAB7A83892}.Debug|Any CPU.Build.0 = Debug|Any CPU
		{8CFA678C-2AC0-4C45-A98E-88EAB7A83892}.Release|Any CPU.ActiveCfg = Release|Any CPU
		{8CFA678C-2AC0-4C45-A98E-88EAB7A83892}.Release|Any CPU.Build.0 = Release|Any CPU
		{B5787990-D608-47A3-A9D4-99199707DAED}.Debug|Any CPU.ActiveCfg = Debug|Any CPU
		{B5787990-D608-47A3-A9D4-99199707DAED}.Debug|Any CPU.Build.0 = Debug|Any CPU
		{B5787990-D608-47A3-A9D4-99199707DAED}.Release|Any CPU.ActiveCfg = Release|Any CPU
		{B5787990-D608-47A3-A9D4-99199707DAED}.Release|Any CPU.Build.0 = Release|Any CPU
		{90AAF47A-1307-40D8-98DD-27A1D3DD3272}.Debug|Any CPU.ActiveCfg = Debug|Any CPU
		{90AAF47A-1307-40D8-98DD-27A1D3DD3272}.Debug|Any CPU.Build.0 = Debug|Any CPU
		{90AAF47A-1307-40D8-98DD-27A1D3DD3272}.Release|Any CPU.ActiveCfg = Release|Any CPU
		{90AAF47A-1307-40D8-98DD-27A1D3DD3272}.Release|Any CPU.Build.0 = Release|Any CPU
	EndGlobalSection
	GlobalSection(SolutionProperties) = preSolution
		HideSolutionNode = FALSE
	EndGlobalSection
	GlobalSection(ExtensibilityGlobals) = postSolution
		SolutionGuid = {E8184D1C-BE6D-495A-9461-EDDC3D7BEC93}
	EndGlobalSection
EndGlobal
